
Microsoft Visual Studio Solution File, Format Version 12.00
# Visual Studio Version 17
VisualStudioVersion = 17.4.33213.308
MinimumVisualStudioVersion = 10.0.40219.1
Project("{FAE04EC0-301F-11D3-BF4B-00C04F79EFBC}") = "OOP'sConcepts", "OOP'sConcepts\OOP'sConcepts.csproj", "{928B8CC8-DEC6-44CB-904B-2E7053EB1D13}"
EndProject
Global
	GlobalSection(SolutionConfigurationPlatforms) = preSolution
		Debug|Any CPU = Debug|Any CPU
		Release|Any CPU = Release|Any CPU
	EndGlobalSection
	GlobalSection(ProjectConfigurationPlatforms) = postSolution
		{928B8CC8-DEC6-44CB-904B-2E7053EB1D13}.Debug|Any CPU.ActiveCfg = Debug|Any CPU
		{928B8CC8-DEC6-44CB-904B-2E7053EB1D13}.Debug|Any CPU.Build.0 = Debug|Any CPU
		{928B8CC8-DEC6-44CB-904B-2E7053EB1D13}.Release|Any CPU.ActiveCfg = Release|Any CPU
		{928B8CC8-DEC6-44CB-904B-2E7053EB1D13}.Release|Any CPU.Build.0 = Release|Any CPU
	EndGlobalSection
	GlobalSection(SolutionProperties) = preSolution
		HideSolutionNode = FALSE
	EndGlobalSection
	GlobalSection(ExtensibilityGlobals) = postSolution
		SolutionGuid = {C4C6B6DF-8E74-402E-B5F9-C2FC9FA6EA96}
	EndGlobalSection
EndGlobal
